// !$*UTF8*$!
{
	archiveVersion = 1;
	classes = {
	};
	objectVersion = 50;
	objects = {

/* Begin PBXBuildFile section */
		9967F88F262BC7B0007DC554 /* AppDelegate.swift in Sources */ = {isa = PBXBuildFile; fileRef = 9967F88E262BC7B0007DC554 /* AppDelegate.swift */; };
		9967F891262BC7B0007DC554 /* SceneDelegate.swift in Sources */ = {isa = PBXBuildFile; fileRef = 9967F890262BC7B0007DC554 /* SceneDelegate.swift */; };
		9967F893262BC7B0007DC554 /* ViewController.swift in Sources */ = {isa = PBXBuildFile; fileRef = 9967F892262BC7B0007DC554 /* ViewController.swift */; };
		9967F896262BC7B0007DC554 /* Main.storyboard in Resources */ = {isa = PBXBuildFile; fileRef = 9967F894262BC7B0007DC554 /* Main.storyboard */; };
		9967F898262BC7B2007DC554 /* Assets.xcassets in Resources */ = {isa = PBXBuildFile; fileRef = 9967F897262BC7B2007DC554 /* Assets.xcassets */; };
		9967F89B262BC7B2007DC554 /* LaunchScreen.storyboard in Resources */ = {isa = PBXBuildFile; fileRef = 9967F899262BC7B2007DC554 /* LaunchScreen.storyboard */; };
		9967F8A6262BC7B2007DC554 /* YoutubeAppTests.swift in Sources */ = {isa = PBXBuildFile; fileRef = 9967F8A5262BC7B2007DC554 /* YoutubeAppTests.swift */; };
		9967F8B1262BC7B2007DC554 /* YoutubeAppUITests.swift in Sources */ = {isa = PBXBuildFile; fileRef = 9967F8B0262BC7B2007DC554 /* YoutubeAppUITests.swift */; };
/* End PBXBuildFile section */

/* Begin PBXContainerItemProxy section */
		9967F8A2262BC7B2007DC554 /* PBXContainerItemProxy */ = {
			isa = PBXContainerItemProxy;
			containerPortal = 9967F883262BC7B0007DC554 /* Project object */;
			proxyType = 1;
			remoteGlobalIDString = 9967F88A262BC7B0007DC554;
			remoteInfo = YoutubeApp;
		};
		9967F8AD262BC7B2007DC554 /* PBXContainerItemProxy */ = {
			isa = PBXContainerItemProxy;
			containerPortal = 9967F883262BC7B0007DC554 /* Project object */;
			proxyType = 1;
			remoteGlobalIDString = 9967F88A262BC7B0007DC554;
			remoteInfo = YoutubeApp;
		};
/* End PBXContainerItemProxy section */

/* Begin PBXFileReference section */
		9967F88B262BC7B0007DC554 /* YoutubeApp.app */ = {isa = PBXFileReference; explicitFileType = wrapper.application; includeInIndex = 0; path = YoutubeApp.app; sourceTree = BUILT_PRODUCTS_DIR; };
		9967F88E262BC7B0007DC554 /* AppDelegate.swift */ = {isa = PBXFileReference; lastKnownFileType = sourcecode.swift; path = AppDelegate.swift; sourceTree = "<group>"; };
		9967F890262BC7B0007DC554 /* SceneDelegate.swift */ = {isa = PBXFileReference; lastKnownFileType = sourcecode.swift; path = SceneDelegate.swift; sourceTree = "<group>"; };
		9967F892262BC7B0007DC554 /* ViewController.swift */ = {isa = PBXFileReference; lastKnownFileType = sourcecode.swift; path = ViewController.swift; sourceTree = "<group>"; };
		9967F895262BC7B0007DC554 /* Base */ = {isa = PBXFileReference; lastKnownFileType = file.storyboard; name = Base; path = Base.lproj/Main.storyboard; sourceTree = "<group>"; };
		9967F897262BC7B2007DC554 /* Assets.xcassets */ = {isa = PBXFileReference; lastKnownFileType = folder.assetcatalog; path = Assets.xcassets; sourceTree = "<group>"; };
		9967F89A262BC7B2007DC554 /* Base */ = {isa = PBXFileReference; lastKnownFileType = file.storyboard; name = Base; path = Base.lproj/LaunchScreen.storyboard; sourceTree = "<group>"; };
		9967F89C262BC7B2007DC554 /* Info.plist */ = {isa = PBXFileReference; lastKnownFileType = text.plist.xml; path = Info.plist; sourceTree = "<group>"; };
		9967F8A1262BC7B2007DC554 /* YoutubeAppTests.xctest */ = {isa = PBXFileReference; explicitFileType = wrapper.cfbundle; includeInIndex = 0; path = YoutubeAppTests.xctest; sourceTree = BUILT_PRODUCTS_DIR; };
		9967F8A5262BC7B2007DC554 /* YoutubeAppTests.swift */ = {isa = PBXFileReference; lastKnownFileType = sourcecode.swift; path = YoutubeAppTests.swift; sourceTree = "<group>"; };
		9967F8A7262BC7B2007DC554 /* Info.plist */ = {isa = PBXFileReference; lastKnownFileType = text.plist.xml; path = Info.plist; sourceTree = "<group>"; };
		9967F8AC262BC7B2007DC554 /* YoutubeAppUITests.xctest */ = {isa = PBXFileReference; explicitFileType = wrapper.cfbundle; includeInIndex = 0; path = YoutubeAppUITests.xctest; sourceTree = BUILT_PRODUCTS_DIR; };
		9967F8B0262BC7B2007DC554 /* YoutubeAppUITests.swift */ = {isa = PBXFileReference; lastKnownFileType = sourcecode.swift; path = YoutubeAppUITests.swift; sourceTree = "<group>"; };
		9967F8B2262BC7B2007DC554 /* Info.plist */ = {isa = PBXFileReference; lastKnownFileType = text.plist.xml; path = Info.plist; sourceTree = "<group>"; };
/* End PBXFileReference section */

/* Begin PBXFrameworksBuildPhase section */
		9967F888262BC7B0007DC554 /* Frameworks */ = {
			isa = PBXFrameworksBuildPhase;
			buildActionMask = 2147483647;
			files = (
			);
			runOnlyForDeploymentPostprocessing = 0;
		};
		9967F89E262BC7B2007DC554 /* Frameworks */ = {
			isa = PBXFrameworksBuildPhase;
			buildActionMask = 2147483647;
			files = (
			);
			runOnlyForDeploymentPostprocessing = 0;
		};
		9967F8A9262BC7B2007DC554 /* Frameworks */ = {
			isa = PBXFrameworksBuildPhase;
			buildActionMask = 2147483647;
			files = (
			);
			runOnlyForDeploymentPostprocessing = 0;
		};
/* End PBXFrameworksBuildPhase section */

/* Begin PBXGroup section */
		9967F882262BC7B0007DC554 = {
			isa = PBXGroup;
			children = (
				9967F88D262BC7B0007DC554 /* YoutubeApp */,
				9967F8A4262BC7B2007DC554 /* YoutubeAppTests */,
				9967F8AF262BC7B2007DC554 /* YoutubeAppUITests */,
				9967F88C262BC7B0007DC554 /* Products */,
			);
			sourceTree = "<group>";
		};
		9967F88C262BC7B0007DC554 /* Products */ = {
			isa = PBXGroup;
			children = (
				9967F88B262BC7B0007DC554 /* YoutubeApp.app */,
				9967F8A1262BC7B2007DC554 /* YoutubeAppTests.xctest */,
				9967F8AC262BC7B2007DC554 /* YoutubeAppUITests.xctest */,
			);
			name = Products;
			sourceTree = "<group>";
		};
		9967F88D262BC7B0007DC554 /* YoutubeApp */ = {
			isa = PBXGroup;
			children = (
				9967F88E262BC7B0007DC554 /* AppDelegate.swift */,
				9967F890262BC7B0007DC554 /* SceneDelegate.swift */,
				9967F892262BC7B0007DC554 /* ViewController.swift */,
				9967F894262BC7B0007DC554 /* Main.storyboard */,
				9967F897262BC7B2007DC554 /* Assets.xcassets */,
				9967F899262BC7B2007DC554 /* LaunchScreen.storyboard */,
				9967F89C262BC7B2007DC554 /* Info.plist */,
			);
			path = YoutubeApp;
			sourceTree = "<group>";
		};
		9967F8A4262BC7B2007DC554 /* YoutubeAppTests */ = {
			isa = PBXGroup;
			children = (
				9967F8A5262BC7B2007DC554 /* YoutubeAppTests.swift */,
				9967F8A7262BC7B2007DC554 /* Info.plist */,
			);
			path = YoutubeAppTests;
			sourceTree = "<group>";
		};
		9967F8AF262BC7B2007DC554 /* YoutubeAppUITests */ = {
			isa = PBXGroup;
			children = (
				9967F8B0262BC7B2007DC554 /* YoutubeAppUITests.swift */,
				9967F8B2262BC7B2007DC554 /* Info.plist */,
			);
			path = YoutubeAppUITests;
			sourceTree = "<group>";
		};
/* End PBXGroup section */

/* Begin PBXNativeTarget section */
		9967F88A262BC7B0007DC554 /* YoutubeApp */ = {
			isa = PBXNativeTarget;
			buildConfigurationList = 9967F8B5262BC7B2007DC554 /* Build configuration list for PBXNativeTarget "YoutubeApp" */;
			buildPhases = (
				9967F887262BC7B0007DC554 /* Sources */,
				9967F888262BC7B0007DC554 /* Frameworks */,
				9967F889262BC7B0007DC554 /* Resources */,
			);
			buildRules = (
			);
			dependencies = (
			);
			name = YoutubeApp;
			productName = YoutubeApp;
			productReference = 9967F88B262BC7B0007DC554 /* YoutubeApp.app */;
			productType = "com.apple.product-type.application";
		};
		9967F8A0262BC7B2007DC554 /* YoutubeAppTests */ = {
			isa = PBXNativeTarget;
			buildConfigurationList = 9967F8B8262BC7B2007DC554 /* Build configuration list for PBXNativeTarget "YoutubeAppTests" */;
			buildPhases = (
				9967F89D262BC7B2007DC554 /* Sources */,
				9967F89E262BC7B2007DC554 /* Frameworks */,
				9967F89F262BC7B2007DC554 /* Resources */,
			);
			buildRules = (
			);
			dependencies = (
				9967F8A3262BC7B2007DC554 /* PBXTargetDependency */,
			);
			name = YoutubeAppTests;
			productName = YoutubeAppTests;
			productReference = 9967F8A1262BC7B2007DC554 /* YoutubeAppTests.xctest */;
			productType = "com.apple.product-type.bundle.unit-test";
		};
		9967F8AB262BC7B2007DC554 /* YoutubeAppUITests */ = {
			isa = PBXNativeTarget;
			buildConfigurationList = 9967F8BB262BC7B2007DC554 /* Build configuration list for PBXNativeTarget "YoutubeAppUITests" */;
			buildPhases = (
				9967F8A8262BC7B2007DC554 /* Sources */,
				9967F8A9262BC7B2007DC554 /* Frameworks */,
				9967F8AA262BC7B2007DC554 /* Resources */,
			);
			buildRules = (
			);
			dependencies = (
				9967F8AE262BC7B2007DC554 /* PBXTargetDependency */,
			);
			name = YoutubeAppUITests;
			productName = YoutubeAppUITests;
			productReference = 9967F8AC262BC7B2007DC554 /* YoutubeAppUITests.xctest */;
			productType = "com.apple.product-type.bundle.ui-testing";
		};
/* End PBXNativeTarget section */

/* Begin PBXProject section */
		9967F883262BC7B0007DC554 /* Project object */ = {
			isa = PBXProject;
			attributes = {
				LastSwiftUpdateCheck = 1240;
				LastUpgradeCheck = 1240;
				TargetAttributes = {
					9967F88A262BC7B0007DC554 = {
						CreatedOnToolsVersion = 12.4;
					};
					9967F8A0262BC7B2007DC554 = {
						CreatedOnToolsVersion = 12.4;
						TestTargetID = 9967F88A262BC7B0007DC554;
					};
					9967F8AB262BC7B2007DC554 = {
						CreatedOnToolsVersion = 12.4;
						TestTargetID = 9967F88A262BC7B0007DC554;
					};
				};
			};
			buildConfigurationList = 9967F886262BC7B0007DC554 /* Build configuration list for PBXProject "YoutubeApp" */;
			compatibilityVersion = "Xcode 9.3";
			developmentRegion = en;
			hasScannedForEncodings = 0;
			knownRegions = (
				en,
				Base,
			);
			mainGroup = 9967F882262BC7B0007DC554;
			productRefGroup = 9967F88C262BC7B0007DC554 /* Products */;
			projectDirPath = "";
			projectRoot = "";
			targets = (
				9967F88A262BC7B0007DC554 /* YoutubeApp */,
				9967F8A0262BC7B2007DC554 /* YoutubeAppTests */,
				9967F8AB262BC7B2007DC554 /* YoutubeAppUITests */,
			);
		};
/* End PBXProject section */

/* Begin PBXResourcesBuildPhase section */
		9967F889262BC7B0007DC554 /* Resources */ = {
			isa = PBXResourcesBuildPhase;
			buildActionMask = 2147483647;
			files = (
				9967F89B262BC7B2007DC554 /* LaunchScreen.storyboard in Resources */,
				9967F898262BC7B2007DC554 /* Assets.xcassets in Resources */,
				9967F896262BC7B0007DC554 /* Main.storyboard in Resources */,
			);
			runOnlyForDeploymentPostprocessing = 0;
		};
		9967F89F262BC7B2007DC554 /* Resources */ = {
			isa = PBXResourcesBuildPhase;
			buildActionMask = 2147483647;
			files = (
			);
			runOnlyForDeploymentPostprocessing = 0;
		};
		9967F8AA262BC7B2007DC554 /* Resources */ = {
			isa = PBXResourcesBuildPhase;
			buildActionMask = 2147483647;
			files = (
			);
			runOnlyForDeploymentPostprocessing = 0;
		};
/* End PBXResourcesBuildPhase section */

/* Begin PBXSourcesBuildPhase section */
		9967F887262BC7B0007DC554 /* Sources */ = {
			isa = PBXSourcesBuildPhase;
			buildActionMask = 2147483647;
			files = (
				9967F893262BC7B0007DC554 /* ViewController.swift in Sources */,
				9967F88F262BC7B0007DC554 /* AppDelegate.swift in Sources */,
				9967F891262BC7B0007DC554 /* SceneDelegate.swift in Sources */,
			);
			runOnlyForDeploymentPostprocessing = 0;
		};
		9967F89D262BC7B2007DC554 /* Sources */ = {
			isa = PBXSourcesBuildPhase;
			buildActionMask = 2147483647;
			files = (
				9967F8A6262BC7B2007DC554 /* YoutubeAppTests.swift in Sources */,
			);
			runOnlyForDeploymentPostprocessing = 0;
		};
		9967F8A8262BC7B2007DC554 /* Sources */ = {
			isa = PBXSourcesBuildPhase;
			buildActionMask = 2147483647;
			files = (
				9967F8B1262BC7B2007DC554 /* YoutubeAppUITests.swift in Sources */,
			);
			runOnlyForDeploymentPostprocessing = 0;
		};
/* End PBXSourcesBuildPhase section */

/* Begin PBXTargetDependency section */
		9967F8A3262BC7B2007DC554 /* PBXTargetDependency */ = {
			isa = PBXTargetDependency;
			target = 9967F88A262BC7B0007DC554 /* YoutubeApp */;
			targetProxy = 9967F8A2262BC7B2007DC554 /* PBXContainerItemProxy */;
		};
		9967F8AE262BC7B2007DC554 /* PBXTargetDependency */ = {
			isa = PBXTargetDependency;
			target = 9967F88A262BC7B0007DC554 /* YoutubeApp */;
			targetProxy = 9967F8AD262BC7B2007DC554 /* PBXContainerItemProxy */;
		};
/* End PBXTargetDependency section */

/* Begin PBXVariantGroup section */
		9967F894262BC7B0007DC554 /* Main.storyboard */ = {
			isa = PBXVariantGroup;
			children = (
				9967F895262BC7B0007DC554 /* Base */,
			);
			name = Main.storyboard;
			sourceTree = "<group>";
		};
		9967F899262BC7B2007DC554 /* LaunchScreen.storyboard */ = {
			isa = PBXVariantGroup;
			children = (
				9967F89A262BC7B2007DC554 /* Base */,
			);
			name = LaunchScreen.storyboard;
			sourceTree = "<group>";
		};
/* End PBXVariantGroup section */

/* Begin XCBuildConfiguration section */
		9967F8B3262BC7B2007DC554 /* Debug */ = {
			isa = XCBuildConfiguration;
			buildSettings = {
				ALWAYS_SEARCH_USER_PATHS = NO;
				CLANG_ANALYZER_NONNULL = YES;
				CLANG_ANALYZER_NUMBER_OBJECT_CONVERSION = YES_AGGRESSIVE;
				CLANG_CXX_LANGUAGE_STANDARD = "gnu++14";
				CLANG_CXX_LIBRARY = "libc++";
				CLANG_ENABLE_MODULES = YES;
				CLANG_ENABLE_OBJC_ARC = YES;
				CLANG_ENABLE_OBJC_WEAK = YES;
				CLANG_WARN_BLOCK_CAPTURE_AUTORELEASING = YES;
				CLANG_WARN_BOOL_CONVERSION = YES;
				CLANG_WARN_COMMA = YES;
				CLANG_WARN_CONSTANT_CONVERSION = YES;
				CLANG_WARN_DEPRECATED_OBJC_IMPLEMENTATIONS = YES;
				CLANG_WARN_DIRECT_OBJC_ISA_USAGE = YES_ERROR;
				CLANG_WARN_DOCUMENTATION_COMMENTS = YES;
				CLANG_WARN_EMPTY_BODY = YES;
				CLANG_WARN_ENUM_CONVERSION = YES;
				CLANG_WARN_INFINITE_RECURSION = YES;
				CLANG_WARN_INT_CONVERSION = YES;
				CLANG_WARN_NON_LITERAL_NULL_CONVERSION = YES;
				CLANG_WARN_OBJC_IMPLICIT_RETAIN_SELF = YES;
				CLANG_WARN_OBJC_LITERAL_CONVERSION = YES;
				CLANG_WARN_OBJC_ROOT_CLASS = YES_ERROR;
				CLANG_WARN_QUOTED_INCLUDE_IN_FRAMEWORK_HEADER = YES;
				CLANG_WARN_RANGE_LOOP_ANALYSIS = YES;
				CLANG_WARN_STRICT_PROTOTYPES = YES;
				CLANG_WARN_SUSPICIOUS_MOVE = YES;
				CLANG_WARN_UNGUARDED_AVAILABILITY = YES_AGGRESSIVE;
				CLANG_WARN_UNREACHABLE_CODE = YES;
				CLANG_WARN__DUPLICATE_METHOD_MATCH = YES;
				COPY_PHASE_STRIP = NO;
				DEBUG_INFORMATION_FORMAT = dwarf;
				ENABLE_STRICT_OBJC_MSGSEND = YES;
				ENABLE_TESTABILITY = YES;
				GCC_C_LANGUAGE_STANDARD = gnu11;
				GCC_DYNAMIC_NO_PIC = NO;
				GCC_NO_COMMON_BLOCKS = YES;
				GCC_OPTIMIZATION_LEVEL = 0;
				GCC_PREPROCESSOR_DEFINITIONS = (
					"DEBUG=1",
					"$(inherited)",
				);
				GCC_WARN_64_TO_32_BIT_CONVERSION = YES;
				GCC_WARN_ABOUT_RETURN_TYPE = YES_ERROR;
				GCC_WARN_UNDECLARED_SELECTOR = YES;
				GCC_WARN_UNINITIALIZED_AUTOS = YES_AGGRESSIVE;
				GCC_WARN_UNUSED_FUNCTION = YES;
				GCC_WARN_UNUSED_VARIABLE = YES;
				IPHONEOS_DEPLOYMENT_TARGET = 14.4;
				MTL_ENABLE_DEBUG_INFO = INCLUDE_SOURCE;
				MTL_FAST_MATH = YES;
				ONLY_ACTIVE_ARCH = YES;
				SDKROOT = iphoneos;
				SWIFT_ACTIVE_COMPILATION_CONDITIONS = DEBUG;
				SWIFT_OPTIMIZATION_LEVEL = "-Onone";
			};
			name = Debug;
		};
		9967F8B4262BC7B2007DC554 /* Release */ = {
			isa = XCBuildConfiguration;
			buildSettings = {
				ALWAYS_SEARCH_USER_PATHS = NO;
				CLANG_ANALYZER_NONNULL = YES;
				CLANG_ANALYZER_NUMBER_OBJECT_CONVERSION = YES_AGGRESSIVE;
				CLANG_CXX_LANGUAGE_STANDARD = "gnu++14";
				CLANG_CXX_LIBRARY = "libc++";
				CLANG_ENABLE_MODULES = YES;
				CLANG_ENABLE_OBJC_ARC = YES;
				CLANG_ENABLE_OBJC_WEAK = YES;
				CLANG_WARN_BLOCK_CAPTURE_AUTORELEASING = YES;
				CLANG_WARN_BOOL_CONVERSION = YES;
				CLANG_WARN_COMMA = YES;
				CLANG_WARN_CONSTANT_CONVERSION = YES;
				CLANG_WARN_DEPRECATED_OBJC_IMPLEMENTATIONS = YES;
				CLANG_WARN_DIRECT_OBJC_ISA_USAGE = YES_ERROR;
				CLANG_WARN_DOCUMENTATION_COMMENTS = YES;
				CLANG_WARN_EMPTY_BODY = YES;
				CLANG_WARN_ENUM_CONVERSION = YES;
				CLANG_WARN_INFINITE_RECURSION = YES;
				CLANG_WARN_INT_CONVERSION = YES;
				CLANG_WARN_NON_LITERAL_NULL_CONVERSION = YES;
				CLANG_WARN_OBJC_IMPLICIT_RETAIN_SELF = YES;
				CLANG_WARN_OBJC_LITERAL_CONVERSION = YES;
				CLANG_WARN_OBJC_ROOT_CLASS = YES_ERROR;
				CLANG_WARN_QUOTED_INCLUDE_IN_FRAMEWORK_HEADER = YES;
				CLANG_WARN_RANGE_LOOP_ANALYSIS = YES;
				CLANG_WARN_STRICT_PROTOTYPES = YES;
				CLANG_WARN_SUSPICIOUS_MOVE = YES;
				CLANG_WARN_UNGUARDED_AVAILABILITY = YES_AGGRESSIVE;
				CLANG_WARN_UNREACHABLE_CODE = YES;
				CLANG_WARN__DUPLICATE_METHOD_MATCH = YES;
				COPY_PHASE_STRIP = NO;
				DEBUG_INFORMATION_FORMAT = "dwarf-with-dsym";
				ENABLE_NS_ASSERTIONS = NO;
				ENABLE_STRICT_OBJC_MSGSEND = YES;
				GCC_C_LANGUAGE_STANDARD = gnu11;
				GCC_NO_COMMON_BLOCKS = YES;
				GCC_WARN_64_TO_32_BIT_CONVERSION = YES;
				GCC_WARN_ABOUT_RETURN_TYPE = YES_ERROR;
				GCC_WARN_UNDECLARED_SELECTOR = YES;
				GCC_WARN_UNINITIALIZED_AUTOS = YES_AGGRESSIVE;
				GCC_WARN_UNUSED_FUNCTION = YES;
				GCC_WARN_UNUSED_VARIABLE = YES;
				IPHONEOS_DEPLOYMENT_TARGET = 14.4;
				MTL_ENABLE_DEBUG_INFO = NO;
				MTL_FAST_MATH = YES;
				SDKROOT = iphoneos;
				SWIFT_COMPILATION_MODE = wholemodule;
				SWIFT_OPTIMIZATION_LEVEL = "-O";
				VALIDATE_PRODUCT = YES;
			};
			name = Release;
		};
		9967F8B6262BC7B2007DC554 /* Debug */ = {
			isa = XCBuildConfiguration;
			buildSettings = {
				ASSETCATALOG_COMPILER_APPICON_NAME = AppIcon;
				ASSETCATALOG_COMPILER_GLOBAL_ACCENT_COLOR_NAME = AccentColor;
				CODE_SIGN_STYLE = Automatic;
				DEVELOPMENT_TEAM = SK68W54LH5;
				INFOPLIST_FILE = YoutubeApp/Info.plist;
				LD_RUNPATH_SEARCH_PATHS = (
					"$(inherited)",
					"@executable_path/Frameworks",
				);
				PRODUCT_BUNDLE_IDENTIFIER = matu.com.YoutubeApp;
				PRODUCT_NAME = "$(TARGET_NAME)";
				SWIFT_VERSION = 5.0;
				TARGETED_DEVICE_FAMILY = "1,2";
			};
			name = Debug;
		};
		9967F8B7262BC7B2007DC554 /* Release */ = {
			isa = XCBuildConfiguration;
			buildSettings = {
				ASSETCATALOG_COMPILER_APPICON_NAME = AppIcon;
				ASSETCATALOG_COMPILER_GLOBAL_ACCENT_COLOR_NAME = AccentColor;
				CODE_SIGN_STYLE = Automatic;
				DEVELOPMENT_TEAM = SK68W54LH5;
				INFOPLIST_FILE = YoutubeApp/Info.plist;
				LD_RUNPATH_SEARCH_PATHS = (
					"$(inherited)",
					"@executable_path/Frameworks",
				);
				PRODUCT_BUNDLE_IDENTIFIER = matu.com.YoutubeApp;
				PRODUCT_NAME = "$(TARGET_NAME)";
				SWIFT_VERSION = 5.0;
				TARGETED_DEVICE_FAMILY = "1,2";
			};
			name = Release;
		};
		9967F8B9262BC7B2007DC554 /* Debug */ = {
			isa = XCBuildConfiguration;
			buildSettings = {
				ALWAYS_EMBED_SWIFT_STANDARD_LIBRARIES = YES;
				BUNDLE_LOADER = "$(TEST_HOST)";
				CODE_SIGN_STYLE = Automatic;
				DEVELOPMENT_TEAM = SK68W54LH5;
				INFOPLIST_FILE = YoutubeAppTests/Info.plist;
				IPHONEOS_DEPLOYMENT_TARGET = 14.4;
				LD_RUNPATH_SEARCH_PATHS = (
					"$(inherited)",
					"@executable_path/Frameworks",
					"@loader_path/Frameworks",
				);
				PRODUCT_BUNDLE_IDENTIFIER = matu.com.YoutubeAppTests;
				PRODUCT_NAME = "$(TARGET_NAME)";
				SWIFT_VERSION = 5.0;
				TARGETED_DEVICE_FAMILY = "1,2";
				TEST_HOST = "$(BUILT_PRODUCTS_DIR)/YoutubeApp.app/YoutubeApp";
			};
			name = Debug;
		};
		9967F8BA262BC7B2007DC554 /* Release */ = {
			isa = XCBuildConfiguration;
			buildSettings = {
				ALWAYS_EMBED_SWIFT_STANDARD_LIBRARIES = YES;
				BUNDLE_LOADER = "$(TEST_HOST)";
				CODE_SIGN_STYLE = Automatic;
				DEVELOPMENT_TEAM = SK68W54LH5;
				INFOPLIST_FILE = YoutubeAppTests/Info.plist;
				IPHONEOS_DEPLOYMENT_TARGET = 14.4;
				LD_RUNPATH_SEARCH_PATHS = (
					"$(inherited)",
					"@executable_path/Frameworks",
					"@loader_path/Frameworks",
				);
				PRODUCT_BUNDLE_IDENTIFIER = matu.com.YoutubeAppTests;
				PRODUCT_NAME = "$(TARGET_NAME)";
				SWIFT_VERSION = 5.0;
				TARGETED_DEVICE_FAMILY = "1,2";
				TEST_HOST = "$(BUILT_PRODUCTS_DIR)/YoutubeApp.app/YoutubeApp";
			};
			name = Release;
		};
		9967F8BC262BC7B2007DC554 /* Debug */ = {
			isa = XCBuildConfiguration;
			buildSettings = {
				ALWAYS_EMBED_SWIFT_STANDARD_LIBRARIES = YES;
				CODE_SIGN_STYLE = Automatic;
				DEVELOPMENT_TEAM = SK68W54LH5;
				INFOPLIST_FILE = YoutubeAppUITests/Info.plist;
				LD_RUNPATH_SEARCH_PATHS = (
					"$(inherited)",
					"@executable_path/Frameworks",
					"@loader_path/Frameworks",
				);
				PRODUCT_BUNDLE_IDENTIFIER = matu.com.YoutubeAppUITests;
				PRODUCT_NAME = "$(TARGET_NAME)";
				SWIFT_VERSION = 5.0;
				TARGETED_DEVICE_FAMILY = "1,2";
				TEST_TARGET_NAME = YoutubeApp;
			};
			name = Debug;
		};
		9967F8BD262BC7B2007DC554 /* Release */ = {
			isa = XCBuildConfiguration;
			buildSettings = {
				ALWAYS_EMBED_SWIFT_STANDARD_LIBRARIES = YES;
				CODE_SIGN_STYLE = Automatic;
				DEVELOPMENT_TEAM = SK68W54LH5;
				INFOPLIST_FILE = YoutubeAppUITests/Info.plist;
				LD_RUNPATH_SEARCH_PATHS = (
					"$(inherited)",
					"@executable_path/Frameworks",
					"@loader_path/Frameworks",
				);
				PRODUCT_BUNDLE_IDENTIFIER = matu.com.YoutubeAppUITests;
				PRODUCT_NAME = "$(TARGET_NAME)";
				SWIFT_VERSION = 5.0;
				TARGETED_DEVICE_FAMILY = "1,2";
				TEST_TARGET_NAME = YoutubeApp;
			};
			name = Release;
		};
/* End XCBuildConfiguration section */

/* Begin XCConfigurationList section */
		9967F886262BC7B0007DC554 /* Build configuration list for PBXProject "YoutubeApp" */ = {
			isa = XCConfigurationList;
			buildConfigurations = (
				9967F8B3262BC7B2007DC554 /* Debug */,
				9967F8B4262BC7B2007DC554 /* Release */,
			);
			defaultConfigurationIsVisible = 0;
			defaultConfigurationName = Release;
		};
		9967F8B5262BC7B2007DC554 /* Build configuration list for PBXNativeTarget "YoutubeApp" */ = {
			isa = XCConfigurationList;
			buildConfigurations = (
				9967F8B6262BC7B2007DC554 /* Debug */,
				9967F8B7262BC7B2007DC554 /* Release */,
			);
			defaultConfigurationIsVisible = 0;
			defaultConfigurationName = Release;
		};
		9967F8B8262BC7B2007DC554 /* Build configuration list for PBXNativeTarget "YoutubeAppTests" */ = {
			isa = XCConfigurationList;
			buildConfigurations = (
				9967F8B9262BC7B2007DC554 /* Debug */,
				9967F8BA262BC7B2007DC554 /* Release */,
			);
			defaultConfigurationIsVisible = 0;
			defaultConfigurationName = Release;
		};
		9967F8BB262BC7B2007DC554 /* Build configuration list for PBXNativeTarget "YoutubeAppUITests" */ = {
			isa = XCConfigurationList;
			buildConfigurations = (
				9967F8BC262BC7B2007DC554 /* Debug */,
				9967F8BD262BC7B2007DC554 /* Release */,
			);
			defaultConfigurationIsVisible = 0;
			defaultConfigurationName = Release;
		};
/* End XCConfigurationList section */
	};
	rootObject = 9967F883262BC7B0007DC554 /* Project object */;
}
